
Microsoft Visual Studio Solution File, Format Version 12.00
# Visual Studio Version 16
VisualStudioVersion = 16.0.31410.357
MinimumVisualStudioVersion = 10.0.40219.1
Project("{FAE04EC0-301F-11D3-BF4B-00C04F79EFBC}") = "Donation.BL", "..\Donation.BL\Donation.BL.csproj", "{31E3F1E3-E4F7-4225-9550-37495ED59DAC}"
EndProject
Project("{FAE04EC0-301F-11D3-BF4B-00C04F79EFBC}") = "Donation.DAL", "..\Donation.DAL\Donation.DAL.csproj", "{5E193D2C-6561-4CA0-A787-520D180066C6}"
EndProject
Project("{FAE04EC0-301F-11D3-BF4B-00C04F79EFBC}") = "Donation.Entities", "..\Donation.Entities\Donation.Entities.csproj", "{854376CF-96D3-4144-A3FB-7C70EABD86CE}"
EndProject
Project("{FAE04EC0-301F-11D3-BF4B-00C04F79EFBC}") = "Donation.Utils", "..\Donation.Utils\Donation.Utils.csproj", "{1C729420-EEEE-4CCA-902F-1FFE6E31CF20}"
EndProject
Project("{FAE04EC0-301F-11D3-BF4B-00C04F79EFBC}") = "Donation.API", "..\Donation.API\Donation.API.csproj", "{62A4DE66-64DA-43C7-8434-EE37634674CC}"
EndProject
Global
	GlobalSection(SolutionConfigurationPlatforms) = preSolution
		Debug|Any CPU = Debug|Any CPU
		Release|Any CPU = Release|Any CPU
	EndGlobalSection
	GlobalSection(ProjectConfigurationPlatforms) = postSolution
		{31E3F1E3-E4F7-4225-9550-37495ED59DAC}.Debug|Any CPU.ActiveCfg = Debug|Any CPU
		{31E3F1E3-E4F7-4225-9550-37495ED59DAC}.Debug|Any CPU.Build.0 = Debug|Any CPU
		{31E3F1E3-E4F7-4225-9550-37495ED59DAC}.Release|Any CPU.ActiveCfg = Release|Any CPU
		{31E3F1E3-E4F7-4225-9550-37495ED59DAC}.Release|Any CPU.Build.0 = Release|Any CPU
		{5E193D2C-6561-4CA0-A787-520D180066C6}.Debug|Any CPU.ActiveCfg = Debug|Any CPU
		{5E193D2C-6561-4CA0-A787-520D180066C6}.Debug|Any CPU.Build.0 = Debug|Any CPU
		{5E193D2C-6561-4CA0-A787-520D180066C6}.Release|Any CPU.ActiveCfg = Release|Any CPU
		{5E193D2C-6561-4CA0-A787-520D180066C6}.Release|Any CPU.Build.0 = Release|Any CPU
		{854376CF-96D3-4144-A3FB-7C70EABD86CE}.Debug|Any CPU.ActiveCfg = Debug|Any CPU
		{854376CF-96D3-4144-A3FB-7C70EABD86CE}.Debug|Any CPU.Build.0 = Debug|Any CPU
		{854376CF-96D3-4144-A3FB-7C70EABD86CE}.Release|Any CPU.ActiveCfg = Release|Any CPU
		{854376CF-96D3-4144-A3FB-7C70EABD86CE}.Release|Any CPU.Build.0 = Release|Any CPU
		{1C729420-EEEE-4CCA-902F-1FFE6E31CF20}.Debug|Any CPU.ActiveCfg = Debug|Any CPU
		{1C729420-EEEE-4CCA-902F-1FFE6E31CF20}.Debug|Any CPU.Build.0 = Debug|Any CPU
		{1C729420-EEEE-4CCA-902F-1FFE6E31CF20}.Release|Any CPU.ActiveCfg = Release|Any CPU
		{1C729420-EEEE-4CCA-902F-1FFE6E31CF20}.Release|Any CPU.Build.0 = Release|Any CPU
		{62A4DE66-64DA-43C7-8434-EE37634674CC}.Debug|Any CPU.ActiveCfg = Debug|Any CPU
		{62A4DE66-64DA-43C7-8434-EE37634674CC}.Debug|Any CPU.Build.0 = Debug|Any CPU
		{62A4DE66-64DA-43C7-8434-EE37634674CC}.Release|Any CPU.ActiveCfg = Release|Any CPU
		{62A4DE66-64DA-43C7-8434-EE37634674CC}.Release|Any CPU.Build.0 = Release|Any CPU
	EndGlobalSection
	GlobalSection(SolutionProperties) = preSolution
		HideSolutionNode = FALSE
	EndGlobalSection
	GlobalSection(ExtensibilityGlobals) = postSolution
		SolutionGuid = {B61C58E7-4014-45F0-9781-336B8C80E673}
	EndGlobalSection
EndGlobal
